dependencies:
- name: kube-state-metrics
  repository: https://kubernetes-charts.storage.googleapis.com/
  version: 2.4.1
- name: prometheus-node-exporter
  repository: https://kubernetes-charts.storage.googleapis.com/
  version: 1.8.1
- name: grafana
  repository: https://kubernetes-charts.storage.googleapis.com/
  version: 4.2.3
digest: sha256:170bd2062a331c2578c27253cea67e2efbeafe1630ff1090aabbc27c0da066e3
generated: "2020-01-30T11:56:38.682936075+01:00"
