dependencies:
- name: kube-state-metrics
  repository: https://kubernetes-charts.storage.googleapis.com/
  version: 2.8.5
- name: prometheus-node-exporter
  repository: https://kubernetes-charts.storage.googleapis.com/
  version: 1.9.1
- name: grafana
  repository: https://kubernetes-charts.storage.googleapis.com/
  version: 5.0.25
digest: sha256:1dc755d615f6d95bf38ba872cf8794c8ebf29ac46a4d5beb5b50bab80189ee1b
generated: "2020-05-18T17:03:28.527893017+02:00"
